
Microsoft Visual Studio Solution File, Format Version 12.00
# Visual Studio 2013
VisualStudioVersion = 12.0.31101.0
MinimumVisualStudioVersion = 10.0.40219.1
Project("{FAE04EC0-301F-11D3-BF4B-00C04F79EFBC}") = "Assignment 8.12 Duplicate Elimination", "Assignment 8.12 Duplicate Elimination.csproj", "{ADB130F9-CA29-4E8F-8398-6099EDD66622}"
EndProject
Global
	GlobalSection(SolutionConfigurationPlatforms) = preSolution
		Debug|Any CPU = Debug|Any CPU
		Release|Any CPU = Release|Any CPU
	EndGlobalSection
	GlobalSection(ProjectConfigurationPlatforms) = postSolution
		{ADB130F9-CA29-4E8F-8398-6099EDD66622}.Debug|Any CPU.ActiveCfg = Debug|Any CPU
		{ADB130F9-CA29-4E8F-8398-6099EDD66622}.Debug|Any CPU.Build.0 = Debug|Any CPU
		{ADB130F9-CA29-4E8F-8398-6099EDD66622}.Release|Any CPU.ActiveCfg = Release|Any CPU
		{ADB130F9-CA29-4E8F-8398-6099EDD66622}.Release|Any CPU.Build.0 = Release|Any CPU
	EndGlobalSection
	GlobalSection(SolutionProperties) = preSolution
		HideSolutionNode = FALSE
	EndGlobalSection
EndGlobal
