
Microsoft Visual Studio Solution File, Format Version 12.00
# Visual Studio 2013
VisualStudioVersion = 12.0.31101.0
MinimumVisualStudioVersion = 10.0.40219.1
Project("{FAE04EC0-301F-11D3-BF4B-00C04F79EFBC}") = "Assignments 8.17 Dice Rolling", "Assignments 8.17 Dice Rolling.csproj", "{C21A2D08-4769-4E1F-A3BA-012DB497156C}"
EndProject
Global
	GlobalSection(SolutionConfigurationPlatforms) = preSolution
		Debug|Any CPU = Debug|Any CPU
		Release|Any CPU = Release|Any CPU
	EndGlobalSection
	GlobalSection(ProjectConfigurationPlatforms) = postSolution
		{C21A2D08-4769-4E1F-A3BA-012DB497156C}.Debug|Any CPU.ActiveCfg = Debug|Any CPU
		{C21A2D08-4769-4E1F-A3BA-012DB497156C}.Debug|Any CPU.Build.0 = Debug|Any CPU
		{C21A2D08-4769-4E1F-A3BA-012DB497156C}.Release|Any CPU.ActiveCfg = Release|Any CPU
		{C21A2D08-4769-4E1F-A3BA-012DB497156C}.Release|Any CPU.Build.0 = Release|Any CPU
	EndGlobalSection
	GlobalSection(SolutionProperties) = preSolution
		HideSolutionNode = FALSE
	EndGlobalSection
EndGlobal
